
Microsoft Visual Studio Solution File, Format Version 12.00
# Visual Studio Version 16
VisualStudioVersion = 16.0.28803.202
MinimumVisualStudioVersion = 10.0.40219.1
Project("{FAE04EC0-301F-11D3-BF4B-00C04F79EFBC}") = "Practica Metodos", "Practica Metodos\Practica Metodos.csproj", "{8F9B27FA-DE12-4DE6-8AF5-7534EA4F0B71}"
EndProject
Global
	GlobalSection(SolutionConfigurationPlatforms) = preSolution
		Debug|Any CPU = Debug|Any CPU
		Release|Any CPU = Release|Any CPU
	EndGlobalSection
	GlobalSection(ProjectConfigurationPlatforms) = postSolution
		{8F9B27FA-DE12-4DE6-8AF5-7534EA4F0B71}.Debug|Any CPU.ActiveCfg = Debug|Any CPU
		{8F9B27FA-DE12-4DE6-8AF5-7534EA4F0B71}.Debug|Any CPU.Build.0 = Debug|Any CPU
		{8F9B27FA-DE12-4DE6-8AF5-7534EA4F0B71}.Release|Any CPU.ActiveCfg = Release|Any CPU
		{8F9B27FA-DE12-4DE6-8AF5-7534EA4F0B71}.Release|Any CPU.Build.0 = Release|Any CPU
	EndGlobalSection
	GlobalSection(SolutionProperties) = preSolution
		HideSolutionNode = FALSE
	EndGlobalSection
	GlobalSection(ExtensibilityGlobals) = postSolution
		SolutionGuid = {3BC8EC96-4E15-4B75-AE81-97A6250B1B28}
	EndGlobalSection
EndGlobal
