
Microsoft Visual Studio Solution File, Format Version 12.00
# Visual Studio Version 16
VisualStudioVersion = 16.0.28803.202
MinimumVisualStudioVersion = 10.0.40219.1
Project("{FAE04EC0-301F-11D3-BF4B-00C04F79EFBC}") = "CondicionalIF2", "CondicionalIF2\CondicionalIF2.csproj", "{5991C93B-6A82-46F7-94A5-00194A07DD16}"
EndProject
Global
	GlobalSection(SolutionConfigurationPlatforms) = preSolution
		Debug|Any CPU = Debug|Any CPU
		Release|Any CPU = Release|Any CPU
	EndGlobalSection
	GlobalSection(ProjectConfigurationPlatforms) = postSolution
		{5991C93B-6A82-46F7-94A5-00194A07DD16}.Debug|Any CPU.ActiveCfg = Debug|Any CPU
		{5991C93B-6A82-46F7-94A5-00194A07DD16}.Debug|Any CPU.Build.0 = Debug|Any CPU
		{5991C93B-6A82-46F7-94A5-00194A07DD16}.Release|Any CPU.ActiveCfg = Release|Any CPU
		{5991C93B-6A82-46F7-94A5-00194A07DD16}.Release|Any CPU.Build.0 = Release|Any CPU
	EndGlobalSection
	GlobalSection(SolutionProperties) = preSolution
		HideSolutionNode = FALSE
	EndGlobalSection
	GlobalSection(ExtensibilityGlobals) = postSolution
		SolutionGuid = {1EBF54CC-C5BC-41D5-A905-3EB21FF4C4C9}
	EndGlobalSection
EndGlobal
