
Microsoft Visual Studio Solution File, Format Version 12.00
# Visual Studio Version 16
VisualStudioVersion = 16.0.28803.202
MinimumVisualStudioVersion = 10.0.40219.1
Project("{FAE04EC0-301F-11D3-BF4B-00C04F79EFBC}") = "EstructuraSwitch", "EstructuraSwitch\EstructuraSwitch.csproj", "{B11695BF-2309-4C08-9EDB-8CB358BB61D1}"
EndProject
Global
	GlobalSection(SolutionConfigurationPlatforms) = preSolution
		Debug|Any CPU = Debug|Any CPU
		Release|Any CPU = Release|Any CPU
	EndGlobalSection
	GlobalSection(ProjectConfigurationPlatforms) = postSolution
		{B11695BF-2309-4C08-9EDB-8CB358BB61D1}.Debug|Any CPU.ActiveCfg = Debug|Any CPU
		{B11695BF-2309-4C08-9EDB-8CB358BB61D1}.Debug|Any CPU.Build.0 = Debug|Any CPU
		{B11695BF-2309-4C08-9EDB-8CB358BB61D1}.Release|Any CPU.ActiveCfg = Release|Any CPU
		{B11695BF-2309-4C08-9EDB-8CB358BB61D1}.Release|Any CPU.Build.0 = Release|Any CPU
	EndGlobalSection
	GlobalSection(SolutionProperties) = preSolution
		HideSolutionNode = FALSE
	EndGlobalSection
	GlobalSection(ExtensibilityGlobals) = postSolution
		SolutionGuid = {FE814D3F-210E-43E1-9924-F1142E787533}
	EndGlobalSection
EndGlobal
