
Microsoft Visual Studio Solution File, Format Version 12.00
# Visual Studio Version 16
VisualStudioVersion = 16.0.28803.202
MinimumVisualStudioVersion = 10.0.40219.1
Project("{FAE04EC0-301F-11D3-BF4B-00C04F79EFBC}") = "CondicionalIF", "CondicionalIF\CondicionalIF.csproj", "{9DDBA087-4470-4CE1-A6A3-8F86B184D2FE}"
EndProject
Global
	GlobalSection(SolutionConfigurationPlatforms) = preSolution
		Debug|Any CPU = Debug|Any CPU
		Release|Any CPU = Release|Any CPU
	EndGlobalSection
	GlobalSection(ProjectConfigurationPlatforms) = postSolution
		{9DDBA087-4470-4CE1-A6A3-8F86B184D2FE}.Debug|Any CPU.ActiveCfg = Debug|Any CPU
		{9DDBA087-4470-4CE1-A6A3-8F86B184D2FE}.Debug|Any CPU.Build.0 = Debug|Any CPU
		{9DDBA087-4470-4CE1-A6A3-8F86B184D2FE}.Release|Any CPU.ActiveCfg = Release|Any CPU
		{9DDBA087-4470-4CE1-A6A3-8F86B184D2FE}.Release|Any CPU.Build.0 = Release|Any CPU
	EndGlobalSection
	GlobalSection(SolutionProperties) = preSolution
		HideSolutionNode = FALSE
	EndGlobalSection
	GlobalSection(ExtensibilityGlobals) = postSolution
		SolutionGuid = {39829FE3-29DA-48AF-85AC-E4BB7DC240C9}
	EndGlobalSection
EndGlobal
